
Microsoft Visual Studio Solution File, Format Version 12.00
# Visual Studio Version 17
VisualStudioVersion = 17.4.33205.214
MinimumVisualStudioVersion = 10.0.40219.1
Project("{FAE04EC0-301F-11D3-BF4B-00C04F79EFBC}") = "DLL homework", "DLL homework\DLL homework.csproj", "{9172B4FF-C497-462C-9724-1B1245EAD57A}"
EndProject
Project("{FAE04EC0-301F-11D3-BF4B-00C04F79EFBC}") = "Service", "Service\Service.csproj", "{CCC64D08-22E5-4651-ABF8-1D8B84F1AAD4}"
EndProject
Global
	GlobalSection(SolutionConfigurationPlatforms) = preSolution
		Debug|Any CPU = Debug|Any CPU
		Release|Any CPU = Release|Any CPU
	EndGlobalSection
	GlobalSection(ProjectConfigurationPlatforms) = postSolution
		{9172B4FF-C497-462C-9724-1B1245EAD57A}.Debug|Any CPU.ActiveCfg = Debug|Any CPU
		{9172B4FF-C497-462C-9724-1B1245EAD57A}.Debug|Any CPU.Build.0 = Debug|Any CPU
		{9172B4FF-C497-462C-9724-1B1245EAD57A}.Release|Any CPU.ActiveCfg = Release|Any CPU
		{9172B4FF-C497-462C-9724-1B1245EAD57A}.Release|Any CPU.Build.0 = Release|Any CPU
		{CCC64D08-22E5-4651-ABF8-1D8B84F1AAD4}.Debug|Any CPU.ActiveCfg = Debug|Any CPU
		{CCC64D08-22E5-4651-ABF8-1D8B84F1AAD4}.Debug|Any CPU.Build.0 = Debug|Any CPU
		{CCC64D08-22E5-4651-ABF8-1D8B84F1AAD4}.Release|Any CPU.ActiveCfg = Release|Any CPU
		{CCC64D08-22E5-4651-ABF8-1D8B84F1AAD4}.Release|Any CPU.Build.0 = Release|Any CPU
	EndGlobalSection
	GlobalSection(SolutionProperties) = preSolution
		HideSolutionNode = FALSE
	EndGlobalSection
	GlobalSection(ExtensibilityGlobals) = postSolution
		SolutionGuid = {1E00EAC1-E77A-45F2-A98D-8C39BDF16C77}
	EndGlobalSection
EndGlobal
